
Microsoft Visual Studio Solution File, Format Version 12.00
# Visual Studio 15
VisualStudioVersion = 15.0.27703.2035
MinimumVisualStudioVersion = 10.0.40219.1
Project("{9A19103F-16F7-4668-BE54-9A1E7A4F7556}") = "PostalCodesWebApi", "PostalCodesWebApi\PostalCodesWebApi.csproj", "{A3312177-2BA2-4917-BF7E-FD1CCF5261B9}"
EndProject
Project("{FAE04EC0-301F-11D3-BF4B-00C04F79EFBC}") = "PostalCodesDataConsole", "PostalCodesDataConsole\PostalCodesDataConsole.csproj", "{0D4D2264-D34F-4724-AF0F-C544CC7C9896}"
EndProject
Global
	GlobalSection(SolutionConfigurationPlatforms) = preSolution
		Debug|Any CPU = Debug|Any CPU
		Release|Any CPU = Release|Any CPU
	EndGlobalSection
	GlobalSection(ProjectConfigurationPlatforms) = postSolution
		{A3312177-2BA2-4917-BF7E-FD1CCF5261B9}.Debug|Any CPU.ActiveCfg = Debug|Any CPU
		{A3312177-2BA2-4917-BF7E-FD1CCF5261B9}.Debug|Any CPU.Build.0 = Debug|Any CPU
		{A3312177-2BA2-4917-BF7E-FD1CCF5261B9}.Release|Any CPU.ActiveCfg = Release|Any CPU
		{A3312177-2BA2-4917-BF7E-FD1CCF5261B9}.Release|Any CPU.Build.0 = Release|Any CPU
		{0D4D2264-D34F-4724-AF0F-C544CC7C9896}.Debug|Any CPU.ActiveCfg = Debug|Any CPU
		{0D4D2264-D34F-4724-AF0F-C544CC7C9896}.Debug|Any CPU.Build.0 = Debug|Any CPU
		{0D4D2264-D34F-4724-AF0F-C544CC7C9896}.Release|Any CPU.ActiveCfg = Release|Any CPU
		{0D4D2264-D34F-4724-AF0F-C544CC7C9896}.Release|Any CPU.Build.0 = Release|Any CPU
	EndGlobalSection
	GlobalSection(SolutionProperties) = preSolution
		HideSolutionNode = FALSE
	EndGlobalSection
	GlobalSection(ExtensibilityGlobals) = postSolution
		SolutionGuid = {07116471-184E-41BF-A0E4-24EA57A7E244}
	EndGlobalSection
EndGlobal
